dependencies:
- name: mariadb
  repository: https://charts.bitnami.com/bitnami
  version: 9.1.4
- name: vault
  repository: https://helm.releases.hashicorp.com
  version: 0.8.0
- name: mosquitto
  repository: https://arielevs.github.io/Kubernetes-Helm-Charts/
  version: 0.0.11
- name: nalkinscloud-mqtt-simulators
  repository: https://arielevs.github.io/Kubernetes-Helm-Charts/
  version: 0.1.9
digest: sha256:e10be9a12f73cc295659f40e389dc37e34cdfb59870c05c2d342935d1b9534d5
generated: "2020-12-23T18:27:05.394709+02:00"
