dependencies:
- name: mariadb
  repository: https://charts.bitnami.com/bitnami
  version: 9.1.4
- name: vault
  repository: https://helm.releases.hashicorp.com
  version: 0.8.0
- name: mosquitto
  repository: https://arielevs.github.io/Kubernetes-Helm-Charts/
  version: 0.0.12
- name: nalkinscloud-mqtt-simulators
  repository: https://arielevs.github.io/Kubernetes-Helm-Charts/
  version: 0.1.10
digest: sha256:5d596708e4b1b6ad095b453617270a28fa07a8947f2819ab9886b8cd8391c06d
generated: "2020-12-24T18:52:21.730918551Z"
